
Microsoft Visual Studio Solution File, Format Version 12.00
# Visual Studio Version 17
VisualStudioVersion = 17.0.31919.166
MinimumVisualStudioVersion = 10.0.40219.1
Project("{FAE04EC0-301F-11D3-BF4B-00C04F79EFBC}") = "Salee", "Salee\Salee.csproj", "{66D1D631-E4DA-414A-A8C5-6B1DE1B4310A}"
EndProject
Global
	GlobalSection(SolutionConfigurationPlatforms) = preSolution
		Debug|Any CPU = Debug|Any CPU
		Release|Any CPU = Release|Any CPU
	EndGlobalSection
	GlobalSection(ProjectConfigurationPlatforms) = postSolution
		{66D1D631-E4DA-414A-A8C5-6B1DE1B4310A}.Debug|Any CPU.ActiveCfg = Debug|Any CPU
		{66D1D631-E4DA-414A-A8C5-6B1DE1B4310A}.Debug|Any CPU.Build.0 = Debug|Any CPU
		{66D1D631-E4DA-414A-A8C5-6B1DE1B4310A}.Release|Any CPU.ActiveCfg = Release|Any CPU
		{66D1D631-E4DA-414A-A8C5-6B1DE1B4310A}.Release|Any CPU.Build.0 = Release|Any CPU
	EndGlobalSection
	GlobalSection(SolutionProperties) = preSolution
		HideSolutionNode = FALSE
	EndGlobalSection
	GlobalSection(ExtensibilityGlobals) = postSolution
		SolutionGuid = {0526BCF9-7920-45C9-BE4A-C94700F0CFA2}
	EndGlobalSection
EndGlobal
